
Microsoft Visual Studio Solution File, Format Version 12.00
# Visual Studio Version 17
VisualStudioVersion = 17.13.35825.156
MinimumVisualStudioVersion = 10.0.40219.1
Project("{FAE04EC0-301F-11D3-BF4B-00C04F79EFBC}") = "dealer++", "dealer++\dealer++.csproj", "{48FB45B2-F5B6-4553-8D74-2332EF5BB577}"
EndProject
Project("{2150E333-8FDC-42A3-9474-1A3956D46DE8}") = "Solution Items", "Solution Items", "{8EC462FD-D22E-90A8-E5CE-7E832BA40C5D}"
	ProjectSection(SolutionItems) = preProject
		readme.md = readme.md
	EndProjectSection
EndProject
Global
	GlobalSection(SolutionConfigurationPlatforms) = preSolution
		Debug|Any CPU = Debug|Any CPU
		Release|Any CPU = Release|Any CPU
	EndGlobalSection
	GlobalSection(ProjectConfigurationPlatforms) = postSolution
		{48FB45B2-F5B6-4553-8D74-2332EF5BB577}.Debug|Any CPU.ActiveCfg = Debug|Any CPU
		{48FB45B2-F5B6-4553-8D74-2332EF5BB577}.Debug|Any CPU.Build.0 = Debug|Any CPU
		{48FB45B2-F5B6-4553-8D74-2332EF5BB577}.Release|Any CPU.ActiveCfg = Release|Any CPU
		{48FB45B2-F5B6-4553-8D74-2332EF5BB577}.Release|Any CPU.Build.0 = Release|Any CPU
	EndGlobalSection
	GlobalSection(SolutionProperties) = preSolution
		HideSolutionNode = FALSE
	EndGlobalSection
	GlobalSection(ExtensibilityGlobals) = postSolution
		SolutionGuid = {A41461B6-F463-44E0-AED0-A4B1AA856BF4}
	EndGlobalSection
EndGlobal
